
Microsoft Visual Studio Solution File, Format Version 12.00
# Visual Studio Version 16
VisualStudioVersion = 16.0.31410.357
MinimumVisualStudioVersion = 10.0.40219.1
Project("{FAE04EC0-301F-11D3-BF4B-00C04F79EFBC}") = "WebApplication2", "WebApplication2\WebApplication2.csproj", "{B7F78FC4-6ABF-4255-9D1A-BA3665F6E81C}"
EndProject
Global
	GlobalSection(SolutionConfigurationPlatforms) = preSolution
		Debug|Any CPU = Debug|Any CPU
		Release|Any CPU = Release|Any CPU
	EndGlobalSection
	GlobalSection(ProjectConfigurationPlatforms) = postSolution
		{B7F78FC4-6ABF-4255-9D1A-BA3665F6E81C}.Debug|Any CPU.ActiveCfg = Debug|Any CPU
		{B7F78FC4-6ABF-4255-9D1A-BA3665F6E81C}.Debug|Any CPU.Build.0 = Debug|Any CPU
		{B7F78FC4-6ABF-4255-9D1A-BA3665F6E81C}.Release|Any CPU.ActiveCfg = Release|Any CPU
		{B7F78FC4-6ABF-4255-9D1A-BA3665F6E81C}.Release|Any CPU.Build.0 = Release|Any CPU
	EndGlobalSection
	GlobalSection(SolutionProperties) = preSolution
		HideSolutionNode = FALSE
	EndGlobalSection
	GlobalSection(ExtensibilityGlobals) = postSolution
		SolutionGuid = {DE48A47E-A0FB-45B6-A971-1BED6198347C}
	EndGlobalSection
EndGlobal
